
Microsoft Visual Studio Solution File, Format Version 12.00
# Visual Studio Version 16
VisualStudioVersion = 16.0.30128.74
MinimumVisualStudioVersion = 10.0.40219.1
Project("{FAE04EC0-301F-11D3-BF4B-00C04F79EFBC}") = "TransactionSurcharge", "TransactionSurcharge\TransactionSurcharge.csproj", "{5B85AD2D-F631-467B-B8DB-718DD904604A}"
EndProject
Global
	GlobalSection(SolutionConfigurationPlatforms) = preSolution
		Debug|Any CPU = Debug|Any CPU
		Release|Any CPU = Release|Any CPU
	EndGlobalSection
	GlobalSection(ProjectConfigurationPlatforms) = postSolution
		{5B85AD2D-F631-467B-B8DB-718DD904604A}.Debug|Any CPU.ActiveCfg = Debug|Any CPU
		{5B85AD2D-F631-467B-B8DB-718DD904604A}.Debug|Any CPU.Build.0 = Debug|Any CPU
		{5B85AD2D-F631-467B-B8DB-718DD904604A}.Release|Any CPU.ActiveCfg = Release|Any CPU
		{5B85AD2D-F631-467B-B8DB-718DD904604A}.Release|Any CPU.Build.0 = Release|Any CPU
	EndGlobalSection
	GlobalSection(SolutionProperties) = preSolution
		HideSolutionNode = FALSE
	EndGlobalSection
	GlobalSection(ExtensibilityGlobals) = postSolution
		SolutionGuid = {A66A58DD-019A-426B-BAEB-2A277617EE22}
	EndGlobalSection
EndGlobal
